
Microsoft Visual Studio Solution File, Format Version 12.00
# Visual Studio Version 17
VisualStudioVersion = 17.9.34723.18
MinimumVisualStudioVersion = 10.0.40219.1
Project("{FAE04EC0-301F-11D3-BF4B-00C04F79EFBC}") = "calc_simple_interest", "calc_simple_interest.csproj", "{B962E1F0-9C3D-4BAA-864C-A11073DD08E8}"
EndProject
Global
	GlobalSection(SolutionConfigurationPlatforms) = preSolution
		Debug|Any CPU = Debug|Any CPU
		Release|Any CPU = Release|Any CPU
	EndGlobalSection
	GlobalSection(ProjectConfigurationPlatforms) = postSolution
		{B962E1F0-9C3D-4BAA-864C-A11073DD08E8}.Debug|Any CPU.ActiveCfg = Debug|Any CPU
		{B962E1F0-9C3D-4BAA-864C-A11073DD08E8}.Debug|Any CPU.Build.0 = Debug|Any CPU
		{B962E1F0-9C3D-4BAA-864C-A11073DD08E8}.Release|Any CPU.ActiveCfg = Release|Any CPU
		{B962E1F0-9C3D-4BAA-864C-A11073DD08E8}.Release|Any CPU.Build.0 = Release|Any CPU
	EndGlobalSection
	GlobalSection(SolutionProperties) = preSolution
		HideSolutionNode = FALSE
	EndGlobalSection
	GlobalSection(ExtensibilityGlobals) = postSolution
		SolutionGuid = {7C2A357D-50D6-4023-B814-E1AD19586F80}
	EndGlobalSection
EndGlobal
