
Microsoft Visual Studio Solution File, Format Version 12.00
# Visual Studio Version 17
VisualStudioVersion = 17.13.35931.197 d17.13
MinimumVisualStudioVersion = 10.0.40219.1
Project("{FAE04EC0-301F-11D3-BF4B-00C04F79EFBC}") = "salary_calculator", "salary_calculator.csproj", "{96CEC387-C9AE-48E3-BEF2-43666435EC56}"
EndProject
Global
	GlobalSection(SolutionConfigurationPlatforms) = preSolution
		Debug|Any CPU = Debug|Any CPU
		Release|Any CPU = Release|Any CPU
	EndGlobalSection
	GlobalSection(ProjectConfigurationPlatforms) = postSolution
		{96CEC387-C9AE-48E3-BEF2-43666435EC56}.Debug|Any CPU.ActiveCfg = Debug|Any CPU
		{96CEC387-C9AE-48E3-BEF2-43666435EC56}.Debug|Any CPU.Build.0 = Debug|Any CPU
		{96CEC387-C9AE-48E3-BEF2-43666435EC56}.Release|Any CPU.ActiveCfg = Release|Any CPU
		{96CEC387-C9AE-48E3-BEF2-43666435EC56}.Release|Any CPU.Build.0 = Release|Any CPU
	EndGlobalSection
	GlobalSection(SolutionProperties) = preSolution
		HideSolutionNode = FALSE
	EndGlobalSection
	GlobalSection(ExtensibilityGlobals) = postSolution
		SolutionGuid = {1D50BDBC-6E74-4125-94DA-D01F9AADBDF4}
	EndGlobalSection
EndGlobal
